// !$*UTF8*$!
{
	archiveVersion = 1;
	classes = {
	};
	objectVersion = 46;
	objects = {

/* Begin PBXBuildFile section */
		3BF83E434887F51E38246BBB /* Pods_ThreeDinosaurs.framework in Frameworks */ = {isa = PBXBuildFile; fileRef = 5CD4AEFFCFD0E9A8F7D515D6 /* Pods_ThreeDinosaurs.framework */; };
		B1454B361D81D72800932C58 /* ConfigurationViewController.swift in Sources */ = {isa = PBXBuildFile; fileRef = B1454B351D81D72800932C58 /* ConfigurationViewController.swift */; };
		B160FA0A1D81A91200AFD1EB /* AppDelegate.swift in Sources */ = {isa = PBXBuildFile; fileRef = B160FA091D81A91200AFD1EB /* AppDelegate.swift */; };
		B160FA0C1D81A91200AFD1EB /* ViewController.swift in Sources */ = {isa = PBXBuildFile; fileRef = B160FA0B1D81A91200AFD1EB /* ViewController.swift */; };
		B160FA0F1D81A91200AFD1EB /* Main.storyboard in Resources */ = {isa = PBXBuildFile; fileRef = B160FA0D1D81A91200AFD1EB /* Main.storyboard */; };
		B160FA111D81A91200AFD1EB /* Assets.xcassets in Resources */ = {isa = PBXBuildFile; fileRef = B160FA101D81A91200AFD1EB /* Assets.xcassets */; };
		B160FA141D81A91200AFD1EB /* LaunchScreen.storyboard in Resources */ = {isa = PBXBuildFile; fileRef = B160FA121D81A91200AFD1EB /* LaunchScreen.storyboard */; };
		B160FA1C1D81A9CC00AFD1EB /* DysonClient.swift in Sources */ = {isa = PBXBuildFile; fileRef = B160FA1B1D81A9CC00AFD1EB /* DysonClient.swift */; };
		B9FA99B81D81BE73003DA475 /* ThumbControllerView.swift in Sources */ = {isa = PBXBuildFile; fileRef = B9FA99B71D81BE73003DA475 /* ThumbControllerView.swift */; };
/* End PBXBuildFile section */

/* Begin PBXFileReference section */
		590435F70D15E3243451E03F /* Pods-ThreeDinosaurs.debug.xcconfig */ = {isa = PBXFileReference; includeInIndex = 1; lastKnownFileType = text.xcconfig; name = "Pods-ThreeDinosaurs.debug.xcconfig"; path = "Pods/Target Support Files/Pods-ThreeDinosaurs/Pods-ThreeDinosaurs.debug.xcconfig"; sourceTree = "<group>"; };
		5CD4AEFFCFD0E9A8F7D515D6 /* Pods_ThreeDinosaurs.framework */ = {isa = PBXFileReference; explicitFileType = wrapper.framework; includeInIndex = 0; path = Pods_ThreeDinosaurs.framework; sourceTree = BUILT_PRODUCTS_DIR; };
		B1454B351D81D72800932C58 /* ConfigurationViewController.swift */ = {isa = PBXFileReference; fileEncoding = 4; lastKnownFileType = sourcecode.swift; path = ConfigurationViewController.swift; sourceTree = "<group>"; };
		B160FA061D81A91200AFD1EB /* ThreeDinosaurs.app */ = {isa = PBXFileReference; explicitFileType = wrapper.application; includeInIndex = 0; path = ThreeDinosaurs.app; sourceTree = BUILT_PRODUCTS_DIR; };
		B160FA091D81A91200AFD1EB /* AppDelegate.swift */ = {isa = PBXFileReference; lastKnownFileType = sourcecode.swift; path = AppDelegate.swift; sourceTree = "<group>"; };
		B160FA0B1D81A91200AFD1EB /* ViewController.swift */ = {isa = PBXFileReference; lastKnownFileType = sourcecode.swift; path = ViewController.swift; sourceTree = "<group>"; };
		B160FA0E1D81A91200AFD1EB /* Base */ = {isa = PBXFileReference; lastKnownFileType = file.storyboard; name = Base; path = Base.lproj/Main.storyboard; sourceTree = "<group>"; };
		B160FA101D81A91200AFD1EB /* Assets.xcassets */ = {isa = PBXFileReference; lastKnownFileType = folder.assetcatalog; path = Assets.xcassets; sourceTree = "<group>"; };
		B160FA131D81A91200AFD1EB /* Base */ = {isa = PBXFileReference; lastKnownFileType = file.storyboard; name = Base; path = Base.lproj/LaunchScreen.storyboard; sourceTree = "<group>"; };
		B160FA151D81A91200AFD1EB /* Info.plist */ = {isa = PBXFileReference; lastKnownFileType = text.plist.xml; path = Info.plist; sourceTree = "<group>"; };
		B160FA1B1D81A9CC00AFD1EB /* DysonClient.swift */ = {isa = PBXFileReference; fileEncoding = 4; lastKnownFileType = sourcecode.swift; path = DysonClient.swift; sourceTree = "<group>"; };
		B9FA99B71D81BE73003DA475 /* ThumbControllerView.swift */ = {isa = PBXFileReference; fileEncoding = 4; lastKnownFileType = sourcecode.swift; path = ThumbControllerView.swift; sourceTree = "<group>"; };
		E18B44A16B887BF0A7E1C73C /* Pods-ThreeDinosaurs.release.xcconfig */ = {isa = PBXFileReference; includeInIndex = 1; lastKnownFileType = text.xcconfig; name = "Pods-ThreeDinosaurs.release.xcconfig"; path = "Pods/Target Support Files/Pods-ThreeDinosaurs/Pods-ThreeDinosaurs.release.xcconfig"; sourceTree = "<group>"; };
/* End PBXFileReference section */

/* Begin PBXFrameworksBuildPhase section */
		B160FA031D81A91200AFD1EB /* Frameworks */ = {
			isa = PBXFrameworksBuildPhase;
			buildActionMask = 2147483647;
			files = (
				3BF83E434887F51E38246BBB /* Pods_ThreeDinosaurs.framework in Frameworks */,
			);
			runOnlyForDeploymentPostprocessing = 0;
		};
/* End PBXFrameworksBuildPhase section */

/* Begin PBXGroup section */
		576414684BBF46F6E1D3D865 /* Pods */ = {
			isa = PBXGroup;
			children = (
				590435F70D15E3243451E03F /* Pods-ThreeDinosaurs.debug.xcconfig */,
				E18B44A16B887BF0A7E1C73C /* Pods-ThreeDinosaurs.release.xcconfig */,
			);
			name = Pods;
			sourceTree = "<group>";
		};
		906AA7EABAF3E2A9933BAE54 /* Frameworks */ = {
			isa = PBXGroup;
			children = (
				5CD4AEFFCFD0E9A8F7D515D6 /* Pods_ThreeDinosaurs.framework */,
			);
			name = Frameworks;
			sourceTree = "<group>";
		};
		B160F9FD1D81A91200AFD1EB = {
			isa = PBXGroup;
			children = (
				B160FA081D81A91200AFD1EB /* ThreeDinosaurs */,
				B160FA071D81A91200AFD1EB /* Products */,
				576414684BBF46F6E1D3D865 /* Pods */,
				906AA7EABAF3E2A9933BAE54 /* Frameworks */,
			);
			sourceTree = "<group>";
		};
		B160FA071D81A91200AFD1EB /* Products */ = {
			isa = PBXGroup;
			children = (
				B160FA061D81A91200AFD1EB /* ThreeDinosaurs.app */,
			);
			name = Products;
			sourceTree = "<group>";
		};
		B160FA081D81A91200AFD1EB /* ThreeDinosaurs */ = {
			isa = PBXGroup;
			children = (
				B160FA091D81A91200AFD1EB /* AppDelegate.swift */,
				B160FA0B1D81A91200AFD1EB /* ViewController.swift */,
				B160FA0D1D81A91200AFD1EB /* Main.storyboard */,
				B160FA101D81A91200AFD1EB /* Assets.xcassets */,
				B160FA121D81A91200AFD1EB /* LaunchScreen.storyboard */,
				B160FA151D81A91200AFD1EB /* Info.plist */,
				B160FA1B1D81A9CC00AFD1EB /* DysonClient.swift */,
				B9FA99B71D81BE73003DA475 /* ThumbControllerView.swift */,
				B1454B351D81D72800932C58 /* ConfigurationViewController.swift */,
			);
			path = ThreeDinosaurs;
			sourceTree = "<group>";
		};
/* End PBXGroup section */

/* Begin PBXNativeTarget section */
		B160FA051D81A91200AFD1EB /* ThreeDinosaurs */ = {
			isa = PBXNativeTarget;
			buildConfigurationList = B160FA181D81A91200AFD1EB /* Build configuration list for PBXNativeTarget "ThreeDinosaurs" */;
			buildPhases = (
				1E27FD58DDC5343C8A2A1D93 /* [CP] Check Pods Manifest.lock */,
				B160FA021D81A91200AFD1EB /* Sources */,
				B160FA031D81A91200AFD1EB /* Frameworks */,
				B160FA041D81A91200AFD1EB /* Resources */,
				3CDEAA7511E5BC6B21DCCB53 /* [CP] Embed Pods Frameworks */,
				91D6A8DAD0684AB0279B09DD /* [CP] Copy Pods Resources */,
			);
			buildRules = (
			);
			dependencies = (
			);
			name = ThreeDinosaurs;
			productName = ThreeDinosaurs;
			productReference = B160FA061D81A91200AFD1EB /* ThreeDinosaurs.app */;
			productType = "com.apple.product-type.application";
		};
/* End PBXNativeTarget section */

/* Begin PBXProject section */
		B160F9FE1D81A91200AFD1EB /* Project object */ = {
			isa = PBXProject;
			attributes = {
				LastSwiftUpdateCheck = 0800;
				LastUpgradeCheck = 0800;
				ORGANIZATIONNAME = ThreeDinosaurs;
				TargetAttributes = {
					B160FA051D81A91200AFD1EB = {
						CreatedOnToolsVersion = 8.0;
						DevelopmentTeam = 3HSQQ63KY2;
						ProvisioningStyle = Automatic;
					};
				};
			};
			buildConfigurationList = B160FA011D81A91200AFD1EB /* Build configuration list for PBXProject "ThreeDinosaurs" */;
			compatibilityVersion = "Xcode 3.2";
			developmentRegion = English;
			hasScannedForEncodings = 0;
			knownRegions = (
				en,
				Base,
			);
			mainGroup = B160F9FD1D81A91200AFD1EB;
			productRefGroup = B160FA071D81A91200AFD1EB /* Products */;
			projectDirPath = "";
			projectRoot = "";
			targets = (
				B160FA051D81A91200AFD1EB /* ThreeDinosaurs */,
			);
		};
/* End PBXProject section */

/* Begin PBXResourcesBuildPhase section */
		B160FA041D81A91200AFD1EB /* Resources */ = {
			isa = PBXResourcesBuildPhase;
			buildActionMask = 2147483647;
			files = (
				B160FA141D81A91200AFD1EB /* LaunchScreen.storyboard in Resources */,
				B160FA111D81A91200AFD1EB /* Assets.xcassets in Resources */,
				B160FA0F1D81A91200AFD1EB /* Main.storyboard in Resources */,
			);
			runOnlyForDeploymentPostprocessing = 0;
		};
/* End PBXResourcesBuildPhase section */

/* Begin PBXShellScriptBuildPhase section */
		1E27FD58DDC5343C8A2A1D93 /* [CP] Check Pods Manifest.lock */ = {
			isa = PBXShellScriptBuildPhase;
			buildActionMask = 2147483647;
			files = (
			);
			inputPaths = (
			);
			name = "[CP] Check Pods Manifest.lock";
			outputPaths = (
			);
			runOnlyForDeploymentPostprocessing = 0;
			shellPath = /bin/sh;
			shellScript = "diff \"${PODS_ROOT}/../Podfile.lock\" \"${PODS_ROOT}/Manifest.lock\" > /dev/null\nif [[ $? != 0 ]] ; then\n    cat << EOM\nerror: The sandbox is not in sync with the Podfile.lock. Run 'pod install' or update your CocoaPods installation.\nEOM\n    exit 1\nfi\n";
			showEnvVarsInLog = 0;
		};
		3CDEAA7511E5BC6B21DCCB53 /* [CP] Embed Pods Frameworks */ = {
			isa = PBXShellScriptBuildPhase;
			buildActionMask = 2147483647;
			files = (
			);
			inputPaths = (
			);
			name = "[CP] Embed Pods Frameworks";
			outputPaths = (
			);
			runOnlyForDeploymentPostprocessing = 0;
			shellPath = /bin/sh;
			shellScript = "\"${SRCROOT}/Pods/Target Support Files/Pods-ThreeDinosaurs/Pods-ThreeDinosaurs-frameworks.sh\"\n";
			showEnvVarsInLog = 0;
		};
		91D6A8DAD0684AB0279B09DD /* [CP] Copy Pods Resources */ = {
			isa = PBXShellScriptBuildPhase;
			buildActionMask = 2147483647;
			files = (
			);
			inputPaths = (
			);
			name = "[CP] Copy Pods Resources";
			outputPaths = (
			);
			runOnlyForDeploymentPostprocessing = 0;
			shellPath = /bin/sh;
			shellScript = "\"${SRCROOT}/Pods/Target Support Files/Pods-ThreeDinosaurs/Pods-ThreeDinosaurs-resources.sh\"\n";
			showEnvVarsInLog = 0;
		};
/* End PBXShellScriptBuildPhase section */

/* Begin PBXSourcesBuildPhase section */
		B160FA021D81A91200AFD1EB /* Sources */ = {
			isa = PBXSourcesBuildPhase;
			buildActionMask = 2147483647;
			files = (
				B160FA1C1D81A9CC00AFD1EB /* DysonClient.swift in Sources */,
				B160FA0C1D81A91200AFD1EB /* ViewController.swift in Sources */,
				B160FA0A1D81A91200AFD1EB /* AppDelegate.swift in Sources */,
				B1454B361D81D72800932C58 /* ConfigurationViewController.swift in Sources */,
				B9FA99B81D81BE73003DA475 /* ThumbControllerView.swift in Sources */,
			);
			runOnlyForDeploymentPostprocessing = 0;
		};
/* End PBXSourcesBuildPhase section */

/* Begin PBXVariantGroup section */
		B160FA0D1D81A91200AFD1EB /* Main.storyboard */ = {
			isa = PBXVariantGroup;
			children = (
				B160FA0E1D81A91200AFD1EB /* Base */,
			);
			name = Main.storyboard;
			sourceTree = "<group>";
		};
		B160FA121D81A91200AFD1EB /* LaunchScreen.storyboard */ = {
			isa = PBXVariantGroup;
			children = (
				B160FA131D81A91200AFD1EB /* Base */,
			);
			name = LaunchScreen.storyboard;
			sourceTree = "<group>";
		};
/* End PBXVariantGroup section */

/* Begin XCBuildConfiguration section */
		B160FA161D81A91200AFD1EB /* Debug */ = {
			isa = XCBuildConfiguration;
			buildSettings = {
				ALWAYS_SEARCH_USER_PATHS = NO;
				CLANG_ANALYZER_NONNULL = YES;
				CLANG_CXX_LANGUAGE_STANDARD = "gnu++0x";
				CLANG_CXX_LIBRARY = "libc++";
				CLANG_ENABLE_MODULES = YES;
				CLANG_ENABLE_OBJC_ARC = YES;
				CLANG_WARN_BOOL_CONVERSION = YES;
				CLANG_WARN_CONSTANT_CONVERSION = YES;
				CLANG_WARN_DIRECT_OBJC_ISA_USAGE = YES_ERROR;
				CLANG_WARN_DOCUMENTATION_COMMENTS = YES;
				CLANG_WARN_EMPTY_BODY = YES;
				CLANG_WARN_ENUM_CONVERSION = YES;
				CLANG_WARN_INFINITE_RECURSION = YES;
				CLANG_WARN_INT_CONVERSION = YES;
				CLANG_WARN_OBJC_ROOT_CLASS = YES_ERROR;
				CLANG_WARN_SUSPICIOUS_MOVE = YES;
				CLANG_WARN_SUSPICIOUS_MOVES = YES;
				CLANG_WARN_UNREACHABLE_CODE = YES;
				CLANG_WARN__DUPLICATE_METHOD_MATCH = YES;
				"CODE_SIGN_IDENTITY[sdk=iphoneos*]" = "iPhone Developer";
				COPY_PHASE_STRIP = NO;
				DEBUG_INFORMATION_FORMAT = dwarf;
				ENABLE_STRICT_OBJC_MSGSEND = YES;
				ENABLE_TESTABILITY = YES;
				GCC_C_LANGUAGE_STANDARD = gnu99;
				GCC_DYNAMIC_NO_PIC = NO;
				GCC_NO_COMMON_BLOCKS = YES;
				GCC_OPTIMIZATION_LEVEL = 0;
				GCC_PREPROCESSOR_DEFINITIONS = (
					"DEBUG=1",
					"$(inherited)",
				);
				GCC_WARN_64_TO_32_BIT_CONVERSION = YES;
				GCC_WARN_ABOUT_RETURN_TYPE = YES_ERROR;
				GCC_WARN_UNDECLARED_SELECTOR = YES;
				GCC_WARN_UNINITIALIZED_AUTOS = YES_AGGRESSIVE;
				GCC_WARN_UNUSED_FUNCTION = YES;
				GCC_WARN_UNUSED_VARIABLE = YES;
				IPHONEOS_DEPLOYMENT_TARGET = 10.0;
				MTL_ENABLE_DEBUG_INFO = YES;
				ONLY_ACTIVE_ARCH = YES;
				SDKROOT = iphoneos;
				SWIFT_ACTIVE_COMPILATION_CONDITIONS = DEBUG;
				SWIFT_OPTIMIZATION_LEVEL = "-Onone";
				TARGETED_DEVICE_FAMILY = "1,2";
			};
			name = Debug;
		};
		B160FA171D81A91200AFD1EB /* Release */ = {
			isa = XCBuildConfiguration;
			buildSettings = {
				ALWAYS_SEARCH_USER_PATHS = NO;
				CLANG_ANALYZER_NONNULL = YES;
				CLANG_CXX_LANGUAGE_STANDARD = "gnu++0x";
				CLANG_CXX_LIBRARY = "libc++";
				CLANG_ENABLE_MODULES = YES;
				CLANG_ENABLE_OBJC_ARC = YES;
				CLANG_WARN_BOOL_CONVERSION = YES;
				CLANG_WARN_CONSTANT_CONVERSION = YES;
				CLANG_WARN_DIRECT_OBJC_ISA_USAGE = YES_ERROR;
				CLANG_WARN_DOCUMENTATION_COMMENTS = YES;
				CLANG_WARN_EMPTY_BODY = YES;
				CLANG_WARN_ENUM_CONVERSION = YES;
				CLANG_WARN_INFINITE_RECURSION = YES;
				CLANG_WARN_INT_CONVERSION = YES;
				CLANG_WARN_OBJC_ROOT_CLASS = YES_ERROR;
				CLANG_WARN_SUSPICIOUS_MOVE = YES;
				CLANG_WARN_SUSPICIOUS_MOVES = YES;
				CLANG_WARN_UNREACHABLE_CODE = YES;
				CLANG_WARN__DUPLICATE_METHOD_MATCH = YES;
				"CODE_SIGN_IDENTITY[sdk=iphoneos*]" = "iPhone Developer";
				COPY_PHASE_STRIP = NO;
				DEBUG_INFORMATION_FORMAT = "dwarf-with-dsym";
				ENABLE_NS_ASSERTIONS = NO;
				ENABLE_STRICT_OBJC_MSGSEND = YES;
				GCC_C_LANGUAGE_STANDARD = gnu99;
				GCC_NO_COMMON_BLOCKS = YES;
				GCC_WARN_64_TO_32_BIT_CONVERSION = YES;
				GCC_WARN_ABOUT_RETURN_TYPE = YES_ERROR;
				GCC_WARN_UNDECLARED_SELECTOR = YES;
				GCC_WARN_UNINITIALIZED_AUTOS = YES_AGGRESSIVE;
				GCC_WARN_UNUSED_FUNCTION = YES;
				GCC_WARN_UNUSED_VARIABLE = YES;
				IPHONEOS_DEPLOYMENT_TARGET = 10.0;
				MTL_ENABLE_DEBUG_INFO = NO;
				SDKROOT = iphoneos;
				SWIFT_OPTIMIZATION_LEVEL = "-Owholemodule";
				TARGETED_DEVICE_FAMILY = "1,2";
				VALIDATE_PRODUCT = YES;
			};
			name = Release;
		};
		B160FA191D81A91200AFD1EB /* Debug */ = {
			isa = XCBuildConfiguration;
			baseConfigurationReference = 590435F70D15E3243451E03F /* Pods-ThreeDinosaurs.debug.xcconfig */;
			buildSettings = {
				ASSETCATALOG_COMPILER_APPICON_NAME = AppIcon;
				DEVELOPMENT_TEAM = 3HSQQ63KY2;
				INFOPLIST_FILE = ThreeDinosaurs/Info.plist;
				LD_RUNPATH_SEARCH_PATHS = "$(inherited) @executable_path/Frameworks";
				PRODUCT_BUNDLE_IDENTIFIER = com.miracle.ThreeDinosaurs;
				PRODUCT_NAME = "$(TARGET_NAME)";
				SWIFT_VERSION = 3.0;
			};
			name = Debug;
		};
		B160FA1A1D81A91200AFD1EB /* Release */ = {
			isa = XCBuildConfiguration;
			baseConfigurationReference = E18B44A16B887BF0A7E1C73C /* Pods-ThreeDinosaurs.release.xcconfig */;
			buildSettings = {
				ASSETCATALOG_COMPILER_APPICON_NAME = AppIcon;
				DEVELOPMENT_TEAM = 3HSQQ63KY2;
				INFOPLIST_FILE = ThreeDinosaurs/Info.plist;
				LD_RUNPATH_SEARCH_PATHS = "$(inherited) @executable_path/Frameworks";
				PRODUCT_BUNDLE_IDENTIFIER = com.miracle.ThreeDinosaurs;
				PRODUCT_NAME = "$(TARGET_NAME)";
				SWIFT_VERSION = 3.0;
			};
			name = Release;
		};
/* End XCBuildConfiguration section */

/* Begin XCConfigurationList section */
		B160FA011D81A91200AFD1EB /* Build configuration list for PBXProject "ThreeDinosaurs" */ = {
			isa = XCConfigurationList;
			buildConfigurations = (
				B160FA161D81A91200AFD1EB /* Debug */,
				B160FA171D81A91200AFD1EB /* Release */,
			);
			defaultConfigurationIsVisible = 0;
			defaultConfigurationName = Release;
		};
		B160FA181D81A91200AFD1EB /* Build configuration list for PBXNativeTarget "ThreeDinosaurs" */ = {
			isa = XCConfigurationList;
			buildConfigurations = (
				B160FA191D81A91200AFD1EB /* Debug */,
				B160FA1A1D81A91200AFD1EB /* Release */,
			);
			defaultConfigurationIsVisible = 0;
			defaultConfigurationName = Release;
		};
/* End XCConfigurationList section */
	};
	rootObject = B160F9FE1D81A91200AFD1EB /* Project object */;
}
